
Microsoft Visual Studio Solution File, Format Version 12.00
# Visual Studio Version 17
VisualStudioVersion = 17.2.32630.192
MinimumVisualStudioVersion = 10.0.40219.1
Project("{FAE04EC0-301F-11D3-BF4B-00C04F79EFBC}") = "PersoCreation", "PersoCreation\PersoCreation.csproj", "{33862D8E-7B93-4747-993A-11408729A5BD}"
EndProject
Global
	GlobalSection(SolutionConfigurationPlatforms) = preSolution
		Debug|Any CPU = Debug|Any CPU
		Release|Any CPU = Release|Any CPU
	EndGlobalSection
	GlobalSection(ProjectConfigurationPlatforms) = postSolution
		{33862D8E-7B93-4747-993A-11408729A5BD}.Debug|Any CPU.ActiveCfg = Debug|Any CPU
		{33862D8E-7B93-4747-993A-11408729A5BD}.Debug|Any CPU.Build.0 = Debug|Any CPU
		{33862D8E-7B93-4747-993A-11408729A5BD}.Release|Any CPU.ActiveCfg = Release|Any CPU
		{33862D8E-7B93-4747-993A-11408729A5BD}.Release|Any CPU.Build.0 = Release|Any CPU
	EndGlobalSection
	GlobalSection(SolutionProperties) = preSolution
		HideSolutionNode = FALSE
	EndGlobalSection
	GlobalSection(ExtensibilityGlobals) = postSolution
		SolutionGuid = {B159F0B9-5ED0-4E83-AF2B-AFA8D884158C}
	EndGlobalSection
EndGlobal
